
Microsoft Visual Studio Solution File, Format Version 12.00
# Visual Studio Version 17
VisualStudioVersion = 17.6.33815.320
MinimumVisualStudioVersion = 10.0.40219.1
Project("{9A19103F-16F7-4668-BE54-9A1E7A4F7556}") = "AliAwdiAnotherOne", "AliAwdiAnotherOne\AliAwdiAnotherOne.csproj", "{7B870E33-302A-40F0-BFE6-EFCA16B44CA3}"
EndProject
Project("{9A19103F-16F7-4668-BE54-9A1E7A4F7556}") = "AliAwdiAnotherOne.Domain", "AliAwdiAnotherOne.Domain\AliAwdiAnotherOne.Domain.csproj", "{9545D3CF-41D7-4FC3-A3A6-F45A4A16361A}"
EndProject
Project("{FAE04EC0-301F-11D3-BF4B-00C04F79EFBC}") = "AliAwdiAnotherOne.Infrastructure", "AliAwdiAnotherOne.Infrastructer\AliAwdiAnotherOne.Infrastructure.csproj", "{4D1DE44C-5818-48FB-B254-7EB96543D1FC}"
EndProject
Project("{FAE04EC0-301F-11D3-BF4B-00C04F79EFBC}") = "AliAwdiAnotherOne.Application", "AliAwdiAnotherOne.Application\AliAwdiAnotherOne.Application.csproj", "{CAEE6DEE-92A0-4156-B369-E9ED57F7E5C0}"
EndProject
Global
	GlobalSection(SolutionConfigurationPlatforms) = preSolution
		Debug|Any CPU = Debug|Any CPU
		Release|Any CPU = Release|Any CPU
	EndGlobalSection
	GlobalSection(ProjectConfigurationPlatforms) = postSolution
		{7B870E33-302A-40F0-BFE6-EFCA16B44CA3}.Debug|Any CPU.ActiveCfg = Debug|Any CPU
		{7B870E33-302A-40F0-BFE6-EFCA16B44CA3}.Debug|Any CPU.Build.0 = Debug|Any CPU
		{7B870E33-302A-40F0-BFE6-EFCA16B44CA3}.Release|Any CPU.ActiveCfg = Release|Any CPU
		{7B870E33-302A-40F0-BFE6-EFCA16B44CA3}.Release|Any CPU.Build.0 = Release|Any CPU
		{9545D3CF-41D7-4FC3-A3A6-F45A4A16361A}.Debug|Any CPU.ActiveCfg = Debug|Any CPU
		{9545D3CF-41D7-4FC3-A3A6-F45A4A16361A}.Debug|Any CPU.Build.0 = Debug|Any CPU
		{9545D3CF-41D7-4FC3-A3A6-F45A4A16361A}.Release|Any CPU.ActiveCfg = Release|Any CPU
		{9545D3CF-41D7-4FC3-A3A6-F45A4A16361A}.Release|Any CPU.Build.0 = Release|Any CPU
		{4D1DE44C-5818-48FB-B254-7EB96543D1FC}.Debug|Any CPU.ActiveCfg = Debug|Any CPU
		{4D1DE44C-5818-48FB-B254-7EB96543D1FC}.Debug|Any CPU.Build.0 = Debug|Any CPU
		{4D1DE44C-5818-48FB-B254-7EB96543D1FC}.Release|Any CPU.ActiveCfg = Release|Any CPU
		{4D1DE44C-5818-48FB-B254-7EB96543D1FC}.Release|Any CPU.Build.0 = Release|Any CPU
		{CAEE6DEE-92A0-4156-B369-E9ED57F7E5C0}.Debug|Any CPU.ActiveCfg = Debug|Any CPU
		{CAEE6DEE-92A0-4156-B369-E9ED57F7E5C0}.Debug|Any CPU.Build.0 = Debug|Any CPU
		{CAEE6DEE-92A0-4156-B369-E9ED57F7E5C0}.Release|Any CPU.ActiveCfg = Release|Any CPU
		{CAEE6DEE-92A0-4156-B369-E9ED57F7E5C0}.Release|Any CPU.Build.0 = Release|Any CPU
	EndGlobalSection
	GlobalSection(SolutionProperties) = preSolution
		HideSolutionNode = FALSE
	EndGlobalSection
	GlobalSection(ExtensibilityGlobals) = postSolution
		SolutionGuid = {AAF35505-682B-45B3-B161-6C0E0D03D915}
	EndGlobalSection
EndGlobal
